Microsoft Visual Studio Solution File, Format Version 12.00
# Visual Studio Version 17
VisualStudioVersion = 17.5.2.0
MinimumVisualStudioVersion = 10.0.40219.1
Project("{FAE04EC0-301F-11D3-BF4B-00C04F79EFBC}") = "Morph", "Morph\Morph.csproj", "{2ACD8302-D5FF-3E19-E6FE-CBF6BD30F4D3}"
EndProject
Project("{FAE04EC0-301F-11D3-BF4B-00C04F79EFBC}") = "Morph.Api", "Morph.Api\Morph.Api.csproj", "{F3B8762A-C2F4-469F-8B88-3116A3CB962A}"
EndProject
Project("{FAE04EC0-301F-11D3-BF4B-00C04F79EFBC}") = "Morph.Tests", "Morph.Tests\Morph.Tests.csproj", "{E16F994E-4E72-4C61-98B2-8148D870F4A9}"
EndProject
Global
	GlobalSection(SolutionConfigurationPlatforms) = preSolution
		Debug|Any CPU = Debug|Any CPU
		Release|Any CPU = Release|Any CPU
	EndGlobalSection
	GlobalSection(ProjectConfigurationPlatforms) = postSolution
		{2ACD8302-D5FF-3E19-E6FE-CBF6BD30F4D3}.Debug|Any CPU.ActiveCfg = Debug|Any CPU
		{2ACD8302-D5FF-3E19-E6FE-CBF6BD30F4D3}.Debug|Any CPU.Build.0 = Debug|Any CPU
		{2ACD8302-D5FF-3E19-E6FE-CBF6BD30F4D3}.Release|Any CPU.ActiveCfg = Release|Any CPU
		{2ACD8302-D5FF-3E19-E6FE-CBF6BD30F4D3}.Release|Any CPU.Build.0 = Release|Any CPU
		{F3B8762A-C2F4-469F-8B88-3116A3CB962A}.Debug|Any CPU.ActiveCfg = Debug|Any CPU
		{F3B8762A-C2F4-469F-8B88-3116A3CB962A}.Debug|Any CPU.Build.0 = Debug|Any CPU
		{F3B8762A-C2F4-469F-8B88-3116A3CB962A}.Release|Any CPU.ActiveCfg = Release|Any CPU
		{F3B8762A-C2F4-469F-8B88-3116A3CB962A}.Release|Any CPU.Build.0 = Release|Any CPU
		{E16F994E-4E72-4C61-98B2-8148D870F4A9}.Debug|Any CPU.ActiveCfg = Debug|Any CPU
		{E16F994E-4E72-4C61-98B2-8148D870F4A9}.Debug|Any CPU.Build.0 = Debug|Any CPU
		{E16F994E-4E72-4C61-98B2-8148D870F4A9}.Release|Any CPU.ActiveCfg = Release|Any CPU
		{E16F994E-4E72-4C61-98B2-8148D870F4A9}.Release|Any CPU.Build.0 = Release|Any CPU
	EndGlobalSection
	GlobalSection(SolutionProperties) = preSolution
		HideSolutionNode = FALSE
	EndGlobalSection
	GlobalSection(ExtensibilityGlobals) = postSolution
		SolutionGuid = {BDEB1B17-14E4-4FE3-9BA5-FEAD0DDA2326}
	EndGlobalSection
EndGlobal
